
Microsoft Visual Studio Solution File, Format Version 12.00
# Visual Studio 15
VisualStudioVersion = 15.0.26403.0
MinimumVisualStudioVersion = 10.0.40219.1
Project("{FAE04EC0-301F-11D3-BF4B-00C04F79EFBC}") = "2014118209-CON", "2014118209-CON\2014118209-CON.csproj", "{B0170EEE-A710-4D54-A4C2-7603965820BF}"
EndProject
Project("{FAE04EC0-301F-11D3-BF4B-00C04F79EFBC}") = "2014118209-ENT", "2014118209-ENT\2014118209-ENT.csproj", "{2BC8710D-E6EC-4863-B1C4-476FBC6AC6E6}"
EndProject
Project("{FAE04EC0-301F-11D3-BF4B-00C04F79EFBC}") = "2014118209-PER", "2014118209-PER\2014118209-PER.csproj", "{DB7FDA6A-9D1C-441A-B2FC-8F9AAEBEC110}"
EndProject
Project("{FAE04EC0-301F-11D3-BF4B-00C04F79EFBC}") = "2014118209.MVC", "2014118209.MVC\2014118209.MVC.csproj", "{BD5C9A04-F6B0-4311-BFA1-75CC0F3F9A94}"
EndProject
Project("{FAE04EC0-301F-11D3-BF4B-00C04F79EFBC}") = "2014118209-API", "2014118209-API\2014118209-API.csproj", "{0F2ECF20-76C3-4BAE-8AA9-A392EDA4E87B}"
EndProject
Global
	GlobalSection(SolutionConfigurationPlatforms) = preSolution
		Debug|Any CPU = Debug|Any CPU
		Release|Any CPU = Release|Any CPU
	EndGlobalSection
	GlobalSection(ProjectConfigurationPlatforms) = postSolution
		{B0170EEE-A710-4D54-A4C2-7603965820BF}.Debug|Any CPU.ActiveCfg = Debug|Any CPU
		{B0170EEE-A710-4D54-A4C2-7603965820BF}.Debug|Any CPU.Build.0 = Debug|Any CPU
		{B0170EEE-A710-4D54-A4C2-7603965820BF}.Release|Any CPU.ActiveCfg = Release|Any CPU
		{B0170EEE-A710-4D54-A4C2-7603965820BF}.Release|Any CPU.Build.0 = Release|Any CPU
		{2BC8710D-E6EC-4863-B1C4-476FBC6AC6E6}.Debug|Any CPU.ActiveCfg = Debug|Any CPU
		{2BC8710D-E6EC-4863-B1C4-476FBC6AC6E6}.Debug|Any CPU.Build.0 = Debug|Any CPU
		{2BC8710D-E6EC-4863-B1C4-476FBC6AC6E6}.Release|Any CPU.ActiveCfg = Release|Any CPU
		{2BC8710D-E6EC-4863-B1C4-476FBC6AC6E6}.Release|Any CPU.Build.0 = Release|Any CPU
		{DB7FDA6A-9D1C-441A-B2FC-8F9AAEBEC110}.Debug|Any CPU.ActiveCfg = Debug|Any CPU
		{DB7FDA6A-9D1C-441A-B2FC-8F9AAEBEC110}.Debug|Any CPU.Build.0 = Debug|Any CPU
		{DB7FDA6A-9D1C-441A-B2FC-8F9AAEBEC110}.Release|Any CPU.ActiveCfg = Release|Any CPU
		{DB7FDA6A-9D1C-441A-B2FC-8F9AAEBEC110}.Release|Any CPU.Build.0 = Release|Any CPU
		{BD5C9A04-F6B0-4311-BFA1-75CC0F3F9A94}.Debug|Any CPU.ActiveCfg = Debug|Any CPU
		{BD5C9A04-F6B0-4311-BFA1-75CC0F3F9A94}.Debug|Any CPU.Build.0 = Debug|Any CPU
		{BD5C9A04-F6B0-4311-BFA1-75CC0F3F9A94}.Release|Any CPU.ActiveCfg = Release|Any CPU
		{BD5C9A04-F6B0-4311-BFA1-75CC0F3F9A94}.Release|Any CPU.Build.0 = Release|Any CPU
		{0F2ECF20-76C3-4BAE-8AA9-A392EDA4E87B}.Debug|Any CPU.ActiveCfg = Debug|Any CPU
		{0F2ECF20-76C3-4BAE-8AA9-A392EDA4E87B}.Debug|Any CPU.Build.0 = Debug|Any CPU
		{0F2ECF20-76C3-4BAE-8AA9-A392EDA4E87B}.Release|Any CPU.ActiveCfg = Release|Any CPU
		{0F2ECF20-76C3-4BAE-8AA9-A392EDA4E87B}.Release|Any CPU.Build.0 = Release|Any CPU
	EndGlobalSection
	GlobalSection(SolutionProperties) = preSolution
		HideSolutionNode = FALSE
	EndGlobalSection
EndGlobal
